
Microsoft Visual Studio Solution File, Format Version 12.00
# Visual Studio Version 16
VisualStudioVersion = 16.0.29509.3
MinimumVisualStudioVersion = 10.0.40219.1
Project("{FAE04EC0-301F-11D3-BF4B-00C04F79EFBC}") = "BibidiGUI", "Bibidi\BibidiGUI.csproj", "{4EA5661E-973A-429E-9205-BC294EB44FCE}"
EndProject
Global
	GlobalSection(SolutionConfigurationPlatforms) = preSolution
		Debug|Any CPU = Debug|Any CPU
		Release|Any CPU = Release|Any CPU
	EndGlobalSection
	GlobalSection(ProjectConfigurationPlatforms) = postSolution
		{4EA5661E-973A-429E-9205-BC294EB44FCE}.Debug|Any CPU.ActiveCfg = Release|Any CPU
		{4EA5661E-973A-429E-9205-BC294EB44FCE}.Debug|Any CPU.Build.0 = Release|Any CPU
		{4EA5661E-973A-429E-9205-BC294EB44FCE}.Release|Any CPU.ActiveCfg = Debug|Any CPU
		{4EA5661E-973A-429E-9205-BC294EB44FCE}.Release|Any CPU.Build.0 = Debug|Any CPU
	EndGlobalSection
	GlobalSection(SolutionProperties) = preSolution
		HideSolutionNode = FALSE
	EndGlobalSection
	GlobalSection(ExtensibilityGlobals) = postSolution
		SolutionGuid = {729A2347-1283-4D09-ACC7-1193195DA922}
	EndGlobalSection
EndGlobal
